
Microsoft Visual Studio Solution File, Format Version 11.00
# Visual Studio 2010
Project("{FAE04EC0-301F-11D3-BF4B-00C04F79EFBC}") = "Active Site Game", "Assembly-CSharp.csproj", "{C6115981-D318-0D00-24C3-5FAFD9A1DCE1}"
EndProject
Global
	GlobalSection(SolutionConfigurationPlatforms) = preSolution
		Debug|Any CPU = Debug|Any CPU
		Release|Any CPU = Release|Any CPU
	EndGlobalSection
	GlobalSection(ProjectConfigurationPlatforms) = postSolution
		{C6115981-D318-0D00-24C3-5FAFD9A1DCE1}.Debug|Any CPU.ActiveCfg = Debug|Any CPU
		{C6115981-D318-0D00-24C3-5FAFD9A1DCE1}.Debug|Any CPU.Build.0 = Debug|Any CPU
		{C6115981-D318-0D00-24C3-5FAFD9A1DCE1}.Release|Any CPU.ActiveCfg = Release|Any CPU
		{C6115981-D318-0D00-24C3-5FAFD9A1DCE1}.Release|Any CPU.Build.0 = Release|Any CPU
	EndGlobalSection
	GlobalSection(SolutionProperties) = preSolution
		HideSolutionNode = FALSE
	EndGlobalSection
	GlobalSection(MonoDevelopProperties) = preSolution
		StartupItem = Assembly-CSharp.csproj
	EndGlobalSection
EndGlobal
